# THIS IS AN AUTOGENERATED FILE. DO NOT EDIT THIS FILE DIRECTLY.
# yarn lockfile v1


tailwindcss-radix-colors@^2.1.0:
  version "2.1.0"
  resolved "https://registry.yarnpkg.com/tailwindcss-radix-colors/-/tailwindcss-radix-colors-2.1.0.tgz#7a4425a15087ebdfc8c9b82f8fcb5c7fd528cabd"
  integrity sha512-xh2bDBvYacUbMFfg6TINGN30K+GfeP33sEd1+27xHeBskODc2cNiSPOOfaHjB78LN7l4l8BNPZfXcGmhsRsUJQ==
